
Microsoft Visual Studio Solution File, Format Version 12.00
# Visual Studio Version 17
VisualStudioVersion = 17.8.34309.116
MinimumVisualStudioVersion = 10.0.40219.1
Project("{FAE04EC0-301F-11D3-BF4B-00C04F79EFBC}") = "WeatherApp", "WeatherApp.csproj", "{4E9D8314-F5E2-4170-ACFE-626ABAB05666}"
EndProject
Project("{FAE04EC0-301F-11D3-BF4B-00C04F79EFBC}") = "WeatherApi", "..\WeatherApi\WeatherApi.csproj", "{6E4443A8-2F23-4FB8-A4EB-AA77DDF1A072}"
EndProject
Global
	GlobalSection(SolutionConfigurationPlatforms) = preSolution
		Debug|Any CPU = Debug|Any CPU
		Release|Any CPU = Release|Any CPU
	EndGlobalSection
	GlobalSection(ProjectConfigurationPlatforms) = postSolution
		{4E9D8314-F5E2-4170-ACFE-626ABAB05666}.Debug|Any CPU.ActiveCfg = Debug|Any CPU
		{4E9D8314-F5E2-4170-ACFE-626ABAB05666}.Debug|Any CPU.Build.0 = Debug|Any CPU
		{4E9D8314-F5E2-4170-ACFE-626ABAB05666}.Debug|Any CPU.Deploy.0 = Debug|Any CPU
		{4E9D8314-F5E2-4170-ACFE-626ABAB05666}.Release|Any CPU.ActiveCfg = Release|Any CPU
		{4E9D8314-F5E2-4170-ACFE-626ABAB05666}.Release|Any CPU.Build.0 = Release|Any CPU
		{4E9D8314-F5E2-4170-ACFE-626ABAB05666}.Release|Any CPU.Deploy.0 = Release|Any CPU
		{6E4443A8-2F23-4FB8-A4EB-AA77DDF1A072}.Debug|Any CPU.ActiveCfg = Debug|Any CPU
		{6E4443A8-2F23-4FB8-A4EB-AA77DDF1A072}.Debug|Any CPU.Build.0 = Debug|Any CPU
		{6E4443A8-2F23-4FB8-A4EB-AA77DDF1A072}.Release|Any CPU.ActiveCfg = Release|Any CPU
		{6E4443A8-2F23-4FB8-A4EB-AA77DDF1A072}.Release|Any CPU.Build.0 = Release|Any CPU
	EndGlobalSection
	GlobalSection(SolutionProperties) = preSolution
		HideSolutionNode = FALSE
	EndGlobalSection
	GlobalSection(ExtensibilityGlobals) = postSolution
		SolutionGuid = {EF01A9A2-96D8-42F4-A269-0E96EC902651}
	EndGlobalSection
EndGlobal
